// !$*UTF8*$!
{
	archiveVersion = 1;
	classes = {
	};
	objectVersion = 56;
	objects = {

/* Begin PBXBuildFile section */
		EDF660ED2A8BD49600926DAA /* RustExamplesApp.swift in Sources */ = {isa = PBXBuildFile; fileRef = EDF660EC2A8BD49600926DAA /* RustExamplesApp.swift */; };
		EDF660EF2A8BD49600926DAA /* ContentView.swift in Sources */ = {isa = PBXBuildFile; fileRef = EDF660EE2A8BD49600926DAA /* ContentView.swift */; };
		EDF660F12A8BD49800926DAA /* Assets.xcassets in Resources */ = {isa = PBXBuildFile; fileRef = EDF660F02A8BD49800926DAA /* Assets.xcassets */; };
		EDF660F52A8BD49800926DAA /* Preview Assets.xcassets in Resources */ = {isa = PBXBuildFile; fileRef = EDF660F42A8BD49800926DAA /* Preview Assets.xcassets */; };
		EDF660FF2A8BD49800926DAA /* RustExamplesTests.swift in Sources */ = {isa = PBXBuildFile; fileRef = EDF660FE2A8BD49800926DAA /* RustExamplesTests.swift */; };
		EDF661092A8BD49800926DAA /* RustExamplesUITests.swift in Sources */ = {isa = PBXBuildFile; fileRef = EDF661082A8BD49800926DAA /* RustExamplesUITests.swift */; };
		EDF6610B2A8BD49800926DAA /* RustExamplesUITestsLaunchTests.swift in Sources */ = {isa = PBXBuildFile; fileRef = EDF6610A2A8BD49800926DAA /* RustExamplesUITestsLaunchTests.swift */; };
/* End PBXBuildFile section */

/* Begin PBXContainerItemProxy section */
		EDF660FB2A8BD49800926DAA /* PBXContainerItemProxy */ = {
			isa = PBXContainerItemProxy;
			containerPortal = EDF660E12A8BD49600926DAA /* Project object */;
			proxyType = 1;
			remoteGlobalIDString = EDF660E82A8BD49600926DAA;
			remoteInfo = RustExamples;
		};
		EDF661052A8BD49800926DAA /* PBXContainerItemProxy */ = {
			isa = PBXContainerItemProxy;
			containerPortal = EDF660E12A8BD49600926DAA /* Project object */;
			proxyType = 1;
			remoteGlobalIDString = EDF660E82A8BD49600926DAA;
			remoteInfo = RustExamples;
		};
/* End PBXContainerItemProxy section */

/* Begin PBXFileReference section */
		EDF660E92A8BD49600926DAA /* RustExamples.app */ = {isa = PBXFileReference; explicitFileType = wrapper.application; includeInIndex = 0; path = RustExamples.app; sourceTree = BUILT_PRODUCTS_DIR; };
		EDF660EC2A8BD49600926DAA /* RustExamplesApp.swift */ = {isa = PBXFileReference; lastKnownFileType = sourcecode.swift; path = RustExamplesApp.swift; sourceTree = "<group>"; };
		EDF660EE2A8BD49600926DAA /* ContentView.swift */ = {isa = PBXFileReference; lastKnownFileType = sourcecode.swift; path = ContentView.swift; sourceTree = "<group>"; };
		EDF660F02A8BD49800926DAA /* Assets.xcassets */ = {isa = PBXFileReference; lastKnownFileType = folder.assetcatalog; path = Assets.xcassets; sourceTree = "<group>"; };
		EDF660F22A8BD49800926DAA /* RustExamples.entitlements */ = {isa = PBXFileReference; lastKnownFileType = text.plist.entitlements; path = RustExamples.entitlements; sourceTree = "<group>"; };
		EDF660F42A8BD49800926DAA /* Preview Assets.xcassets */ = {isa = PBXFileReference; lastKnownFileType = folder.assetcatalog; path = "Preview Assets.xcassets"; sourceTree = "<group>"; };
		EDF660FA2A8BD49800926DAA /* RustExamplesTests.xctest */ = {isa = PBXFileReference; explicitFileType = wrapper.cfbundle; includeInIndex = 0; path = RustExamplesTests.xctest; sourceTree = BUILT_PRODUCTS_DIR; };
		EDF660FE2A8BD49800926DAA /* RustExamplesTests.swift */ = {isa = PBXFileReference; lastKnownFileType = sourcecode.swift; path = RustExamplesTests.swift; sourceTree = "<group>"; };
		EDF661042A8BD49800926DAA /* RustExamplesUITests.xctest */ = {isa = PBXFileReference; explicitFileType = wrapper.cfbundle; includeInIndex = 0; path = RustExamplesUITests.xctest; sourceTree = BUILT_PRODUCTS_DIR; };
		EDF661082A8BD49800926DAA /* RustExamplesUITests.swift */ = {isa = PBXFileReference; lastKnownFileType = sourcecode.swift; path = RustExamplesUITests.swift; sourceTree = "<group>"; };
		EDF6610A2A8BD49800926DAA /* RustExamplesUITestsLaunchTests.swift */ = {isa = PBXFileReference; lastKnownFileType = sourcecode.swift; path = RustExamplesUITestsLaunchTests.swift; sourceTree = "<group>"; };
/* End PBXFileReference section */

/* Begin PBXFrameworksBuildPhase section */
		EDF660E62A8BD49600926DAA /* Frameworks */ = {
			isa = PBXFrameworksBuildPhase;
			buildActionMask = 2147483647;
			files = (
			);
			runOnlyForDeploymentPostprocessing = 0;
		};
		EDF660F72A8BD49800926DAA /* Frameworks */ = {
			isa = PBXFrameworksBuildPhase;
			buildActionMask = 2147483647;
			files = (
			);
			runOnlyForDeploymentPostprocessing = 0;
		};
		EDF661012A8BD49800926DAA /* Frameworks */ = {
			isa = PBXFrameworksBuildPhase;
			buildActionMask = 2147483647;
			files = (
			);
			runOnlyForDeploymentPostprocessing = 0;
		};
/* End PBXFrameworksBuildPhase section */

/* Begin PBXGroup section */
		EDF660E02A8BD49600926DAA = {
			isa = PBXGroup;
			children = (
				EDF660EB2A8BD49600926DAA /* RustExamples */,
				EDF660FD2A8BD49800926DAA /* RustExamplesTests */,
				EDF661072A8BD49800926DAA /* RustExamplesUITests */,
				EDF660EA2A8BD49600926DAA /* Products */,
			);
			sourceTree = "<group>";
		};
		EDF660EA2A8BD49600926DAA /* Products */ = {
			isa = PBXGroup;
			children = (
				EDF660E92A8BD49600926DAA /* RustExamples.app */,
				EDF660FA2A8BD49800926DAA /* RustExamplesTests.xctest */,
				EDF661042A8BD49800926DAA /* RustExamplesUITests.xctest */,
			);
			name = Products;
			sourceTree = "<group>";
		};
		EDF660EB2A8BD49600926DAA /* RustExamples */ = {
			isa = PBXGroup;
			children = (
				EDF660EC2A8BD49600926DAA /* RustExamplesApp.swift */,
				EDF660EE2A8BD49600926DAA /* ContentView.swift */,
				EDF660F02A8BD49800926DAA /* Assets.xcassets */,
				EDF660F22A8BD49800926DAA /* RustExamples.entitlements */,
				EDF660F32A8BD49800926DAA /* Preview Content */,
			);
			path = RustExamples;
			sourceTree = "<group>";
		};
		EDF660F32A8BD49800926DAA /* Preview Content */ = {
			isa = PBXGroup;
			children = (
				EDF660F42A8BD49800926DAA /* Preview Assets.xcassets */,
			);
			path = "Preview Content";
			sourceTree = "<group>";
		};
		EDF660FD2A8BD49800926DAA /* RustExamplesTests */ = {
			isa = PBXGroup;
			children = (
				EDF660FE2A8BD49800926DAA /* RustExamplesTests.swift */,
			);
			path = RustExamplesTests;
			sourceTree = "<group>";
		};
		EDF661072A8BD49800926DAA /* RustExamplesUITests */ = {
			isa = PBXGroup;
			children = (
				EDF661082A8BD49800926DAA /* RustExamplesUITests.swift */,
				EDF6610A2A8BD49800926DAA /* RustExamplesUITestsLaunchTests.swift */,
			);
			path = RustExamplesUITests;
			sourceTree = "<group>";
		};
/* End PBXGroup section */

/* Begin PBXNativeTarget section */
		EDF660E82A8BD49600926DAA /* RustExamples */ = {
			isa = PBXNativeTarget;
			buildConfigurationList = EDF6610E2A8BD49800926DAA /* Build configuration list for PBXNativeTarget "RustExamples" */;
			buildPhases = (
				EDF660E52A8BD49600926DAA /* Sources */,
				EDF660E62A8BD49600926DAA /* Frameworks */,
				EDF660E72A8BD49600926DAA /* Resources */,
			);
			buildRules = (
			);
			dependencies = (
			);
			name = RustExamples;
			productName = RustExamples;
			productReference = EDF660E92A8BD49600926DAA /* RustExamples.app */;
			productType = "com.apple.product-type.application";
		};
		EDF660F92A8BD49800926DAA /* RustExamplesTests */ = {
			isa = PBXNativeTarget;
			buildConfigurationList = EDF661112A8BD49800926DAA /* Build configuration list for PBXNativeTarget "RustExamplesTests" */;
			buildPhases = (
				EDF660F62A8BD49800926DAA /* Sources */,
				EDF660F72A8BD49800926DAA /* Frameworks */,
				EDF660F82A8BD49800926DAA /* Resources */,
			);
			buildRules = (
			);
			dependencies = (
				EDF660FC2A8BD49800926DAA /* PBXTargetDependency */,
			);
			name = RustExamplesTests;
			productName = RustExamplesTests;
			productReference = EDF660FA2A8BD49800926DAA /* RustExamplesTests.xctest */;
			productType = "com.apple.product-type.bundle.unit-test";
		};
		EDF661032A8BD49800926DAA /* RustExamplesUITests */ = {
			isa = PBXNativeTarget;
			buildConfigurationList = EDF661142A8BD49800926DAA /* Build configuration list for PBXNativeTarget "RustExamplesUITests" */;
			buildPhases = (
				EDF661002A8BD49800926DAA /* Sources */,
				EDF661012A8BD49800926DAA /* Frameworks */,
				EDF661022A8BD49800926DAA /* Resources */,
			);
			buildRules = (
			);
			dependencies = (
				EDF661062A8BD49800926DAA /* PBXTargetDependency */,
			);
			name = RustExamplesUITests;
			productName = RustExamplesUITests;
			productReference = EDF661042A8BD49800926DAA /* RustExamplesUITests.xctest */;
			productType = "com.apple.product-type.bundle.ui-testing";
		};
/* End PBXNativeTarget section */

/* Begin PBXProject section */
		EDF660E12A8BD49600926DAA /* Project object */ = {
			isa = PBXProject;
			attributes = {
				BuildIndependentTargetsInParallel = 1;
				LastSwiftUpdateCheck = 1430;
				LastUpgradeCheck = 1430;
				TargetAttributes = {
					EDF660E82A8BD49600926DAA = {
						CreatedOnToolsVersion = 14.3.1;
					};
					EDF660F92A8BD49800926DAA = {
						CreatedOnToolsVersion = 14.3.1;
						TestTargetID = EDF660E82A8BD49600926DAA;
					};
					EDF661032A8BD49800926DAA = {
						CreatedOnToolsVersion = 14.3.1;
						TestTargetID = EDF660E82A8BD49600926DAA;
					};
				};
			};
			buildConfigurationList = EDF660E42A8BD49600926DAA /* Build configuration list for PBXProject "RustExamples" */;
			compatibilityVersion = "Xcode 14.0";
			developmentRegion = en;
			hasScannedForEncodings = 0;
			knownRegions = (
				en,
				Base,
			);
			mainGroup = EDF660E02A8BD49600926DAA;
			productRefGroup = EDF660EA2A8BD49600926DAA /* Products */;
			projectDirPath = "";
			projectRoot = "";
			targets = (
				EDF660E82A8BD49600926DAA /* RustExamples */,
				EDF660F92A8BD49800926DAA /* RustExamplesTests */,
				EDF661032A8BD49800926DAA /* RustExamplesUITests */,
			);
		};
/* End PBXProject section */

/* Begin PBXResourcesBuildPhase section */
		EDF660E72A8BD49600926DAA /* Resources */ = {
			isa = PBXResourcesBuildPhase;
			buildActionMask = 2147483647;
			files = (
				EDF660F52A8BD49800926DAA /* Preview Assets.xcassets in Resources */,
				EDF660F12A8BD49800926DAA /* Assets.xcassets in Resources */,
			);
			runOnlyForDeploymentPostprocessing = 0;
		};
		EDF660F82A8BD49800926DAA /* Resources */ = {
			isa = PBXResourcesBuildPhase;
			buildActionMask = 2147483647;
			files = (
			);
			runOnlyForDeploymentPostprocessing = 0;
		};
		EDF661022A8BD49800926DAA /* Resources */ = {
			isa = PBXResourcesBuildPhase;
			buildActionMask = 2147483647;
			files = (
			);
			runOnlyForDeploymentPostprocessing = 0;
		};
/* End PBXResourcesBuildPhase section */

/* Begin PBXSourcesBuildPhase section */
		EDF660E52A8BD49600926DAA /* Sources */ = {
			isa = PBXSourcesBuildPhase;
			buildActionMask = 2147483647;
			files = (
				EDF660EF2A8BD49600926DAA /* ContentView.swift in Sources */,
				EDF660ED2A8BD49600926DAA /* RustExamplesApp.swift in Sources */,
			);
			runOnlyForDeploymentPostprocessing = 0;
		};
		EDF660F62A8BD49800926DAA /* Sources */ = {
			isa = PBXSourcesBuildPhase;
			buildActionMask = 2147483647;
			files = (
				EDF660FF2A8BD49800926DAA /* RustExamplesTests.swift in Sources */,
			);
			runOnlyForDeploymentPostprocessing = 0;
		};
		EDF661002A8BD49800926DAA /* Sources */ = {
			isa = PBXSourcesBuildPhase;
			buildActionMask = 2147483647;
			files = (
				EDF661092A8BD49800926DAA /* RustExamplesUITests.swift in Sources */,
				EDF6610B2A8BD49800926DAA /* RustExamplesUITestsLaunchTests.swift in Sources */,
			);
			runOnlyForDeploymentPostprocessing = 0;
		};
/* End PBXSourcesBuildPhase section */

/* Begin PBXTargetDependency section */
		EDF660FC2A8BD49800926DAA /* PBXTargetDependency */ = {
			isa = PBXTargetDependency;
			target = EDF660E82A8BD49600926DAA /* RustExamples */;
			targetProxy = EDF660FB2A8BD49800926DAA /* PBXContainerItemProxy */;
		};
		EDF661062A8BD49800926DAA /* PBXTargetDependency */ = {
			isa = PBXTargetDependency;
			target = EDF660E82A8BD49600926DAA /* RustExamples */;
			targetProxy = EDF661052A8BD49800926DAA /* PBXContainerItemProxy */;
		};
/* End PBXTargetDependency section */

/* Begin XCBuildConfiguration section */
		EDF6610C2A8BD49800926DAA /* Debug */ = {
			isa = XCBuildConfiguration;
			buildSettings = {
				ALWAYS_SEARCH_USER_PATHS = NO;
				CLANG_ANALYZER_NONNULL = YES;
				CLANG_ANALYZER_NUMBER_OBJECT_CONVERSION = YES_AGGRESSIVE;
				CLANG_CXX_LANGUAGE_STANDARD = "gnu++20";
				CLANG_ENABLE_MODULES = YES;
				CLANG_ENABLE_OBJC_ARC = YES;
				CLANG_ENABLE_OBJC_WEAK = YES;
				CLANG_WARN_BLOCK_CAPTURE_AUTORELEASING = YES;
				CLANG_WARN_BOOL_CONVERSION = YES;
				CLANG_WARN_COMMA = YES;
				CLANG_WARN_CONSTANT_CONVERSION = YES;
				CLANG_WARN_DEPRECATED_OBJC_IMPLEMENTATIONS = YES;
				CLANG_WARN_DIRECT_OBJC_ISA_USAGE = YES_ERROR;
				CLANG_WARN_DOCUMENTATION_COMMENTS = YES;
				CLANG_WARN_EMPTY_BODY = YES;
				CLANG_WARN_ENUM_CONVERSION = YES;
				CLANG_WARN_INFINITE_RECURSION = YES;
				CLANG_WARN_INT_CONVERSION = YES;
				CLANG_WARN_NON_LITERAL_NULL_CONVERSION = YES;
				CLANG_WARN_OBJC_IMPLICIT_RETAIN_SELF = YES;
				CLANG_WARN_OBJC_LITERAL_CONVERSION = YES;
				CLANG_WARN_OBJC_ROOT_CLASS = YES_ERROR;
				CLANG_WARN_QUOTED_INCLUDE_IN_FRAMEWORK_HEADER = YES;
				CLANG_WARN_RANGE_LOOP_ANALYSIS = YES;
				CLANG_WARN_STRICT_PROTOTYPES = YES;
				CLANG_WARN_SUSPICIOUS_MOVE = YES;
				CLANG_WARN_UNGUARDED_AVAILABILITY = YES_AGGRESSIVE;
				CLANG_WARN_UNREACHABLE_CODE = YES;
				CLANG_WARN__DUPLICATE_METHOD_MATCH = YES;
				COPY_PHASE_STRIP = NO;
				DEBUG_INFORMATION_FORMAT = dwarf;
				ENABLE_STRICT_OBJC_MSGSEND = YES;
				ENABLE_TESTABILITY = YES;
				GCC_C_LANGUAGE_STANDARD = gnu11;
				GCC_DYNAMIC_NO_PIC = NO;
				GCC_NO_COMMON_BLOCKS = YES;
				GCC_OPTIMIZATION_LEVEL = 0;
				GCC_PREPROCESSOR_DEFINITIONS = (
					"DEBUG=1",
					"$(inherited)",
				);
				GCC_WARN_64_TO_32_BIT_CONVERSION = YES;
				GCC_WARN_ABOUT_RETURN_TYPE = YES_ERROR;
				GCC_WARN_UNDECLARED_SELECTOR = YES;
				GCC_WARN_UNINITIALIZED_AUTOS = YES_AGGRESSIVE;
				GCC_WARN_UNUSED_FUNCTION = YES;
				GCC_WARN_UNUSED_VARIABLE = YES;
				MTL_ENABLE_DEBUG_INFO = INCLUDE_SOURCE;
				MTL_FAST_MATH = YES;
				ONLY_ACTIVE_ARCH = YES;
				SWIFT_ACTIVE_COMPILATION_CONDITIONS = DEBUG;
				SWIFT_OPTIMIZATION_LEVEL = "-Onone";
			};
			name = Debug;
		};
		EDF6610D2A8BD49800926DAA /* Release */ = {
			isa = XCBuildConfiguration;
			buildSettings = {
				ALWAYS_SEARCH_USER_PATHS = NO;
				CLANG_ANALYZER_NONNULL = YES;
				CLANG_ANALYZER_NUMBER_OBJECT_CONVERSION = YES_AGGRESSIVE;
				CLANG_CXX_LANGUAGE_STANDARD = "gnu++20";
				CLANG_ENABLE_MODULES = YES;
				CLANG_ENABLE_OBJC_ARC = YES;
				CLANG_ENABLE_OBJC_WEAK = YES;
				CLANG_WARN_BLOCK_CAPTURE_AUTORELEASING = YES;
				CLANG_WARN_BOOL_CONVERSION = YES;
				CLANG_WARN_COMMA = YES;
				CLANG_WARN_CONSTANT_CONVERSION = YES;
				CLANG_WARN_DEPRECATED_OBJC_IMPLEMENTATIONS = YES;
				CLANG_WARN_DIRECT_OBJC_ISA_USAGE = YES_ERROR;
				CLANG_WARN_DOCUMENTATION_COMMENTS = YES;
				CLANG_WARN_EMPTY_BODY = YES;
				CLANG_WARN_ENUM_CONVERSION = YES;
				CLANG_WARN_INFINITE_RECURSION = YES;
				CLANG_WARN_INT_CONVERSION = YES;
				CLANG_WARN_NON_LITERAL_NULL_CONVERSION = YES;
				CLANG_WARN_OBJC_IMPLICIT_RETAIN_SELF = YES;
				CLANG_WARN_OBJC_LITERAL_CONVERSION = YES;
				CLANG_WARN_OBJC_ROOT_CLASS = YES_ERROR;
				CLANG_WARN_QUOTED_INCLUDE_IN_FRAMEWORK_HEADER = YES;
				CLANG_WARN_RANGE_LOOP_ANALYSIS = YES;
				CLANG_WARN_STRICT_PROTOTYPES = YES;
				CLANG_WARN_SUSPICIOUS_MOVE = YES;
				CLANG_WARN_UNGUARDED_AVAILABILITY = YES_AGGRESSIVE;
				CLANG_WARN_UNREACHABLE_CODE = YES;
				CLANG_WARN__DUPLICATE_METHOD_MATCH = YES;
				COPY_PHASE_STRIP = NO;
				DEBUG_INFORMATION_FORMAT = "dwarf-with-dsym";
				ENABLE_NS_ASSERTIONS = NO;
				ENABLE_STRICT_OBJC_MSGSEND = YES;
				GCC_C_LANGUAGE_STANDARD = gnu11;
				GCC_NO_COMMON_BLOCKS = YES;
				GCC_WARN_64_TO_32_BIT_CONVERSION = YES;
				GCC_WARN_ABOUT_RETURN_TYPE = YES_ERROR;
				GCC_WARN_UNDECLARED_SELECTOR = YES;
				GCC_WARN_UNINITIALIZED_AUTOS = YES_AGGRESSIVE;
				GCC_WARN_UNUSED_FUNCTION = YES;
				GCC_WARN_UNUSED_VARIABLE = YES;
				MTL_ENABLE_DEBUG_INFO = NO;
				MTL_FAST_MATH = YES;
				SWIFT_COMPILATION_MODE = wholemodule;
				SWIFT_OPTIMIZATION_LEVEL = "-O";
			};
			name = Release;
		};
		EDF6610F2A8BD49800926DAA /* Debug */ = {
			isa = XCBuildConfiguration;
			buildSettings = {
				ASSETCATALOG_COMPILER_APPICON_NAME = AppIcon;
				ASSETCATALOG_COMPILER_GLOBAL_ACCENT_COLOR_NAME = AccentColor;
				CODE_SIGN_ENTITLEMENTS = RustExamples/RustExamples.entitlements;
				CODE_SIGN_STYLE = Automatic;
				CURRENT_PROJECT_VERSION = 1;
				DEVELOPMENT_ASSET_PATHS = "\"RustExamples/Preview Content\"";
				DEVELOPMENT_TEAM = 34LBDE8FT4;
				ENABLE_HARDENED_RUNTIME = YES;
				ENABLE_PREVIEWS = YES;
				GENERATE_INFOPLIST_FILE = YES;
				"INFOPLIST_KEY_UIApplicationSceneManifest_Generation[sdk=iphoneos*]" = YES;
				"INFOPLIST_KEY_UIApplicationSceneManifest_Generation[sdk=iphonesimulator*]" = YES;
				"INFOPLIST_KEY_UIApplicationSupportsIndirectInputEvents[sdk=iphoneos*]" = YES;
				"INFOPLIST_KEY_UIApplicationSupportsIndirectInputEvents[sdk=iphonesimulator*]" = YES;
				"INFOPLIST_KEY_UILaunchScreen_Generation[sdk=iphoneos*]" = YES;
				"INFOPLIST_KEY_UILaunchScreen_Generation[sdk=iphonesimulator*]" = YES;
				"INFOPLIST_KEY_UIStatusBarStyle[sdk=iphoneos*]" = UIStatusBarStyleDefault;
				"INFOPLIST_KEY_UIStatusBarStyle[sdk=iphonesimulator*]" = UIStatusBarStyleDefault;
				INFOPLIST_KEY_UISupportedInterfaceOrientations_iPad = "UIInterfaceOrientationPortrait UIInterfaceOrientationPortraitUpsideDown UIInterfaceOrientationLandscapeLeft UIInterfaceOrientationLandscapeRight";
				INFOPLIST_KEY_UISupportedInterfaceOrientations_iPhone = "UIInterfaceOrientationPortrait UIInterfaceOrientationLandscapeLeft UIInterfaceOrientationLandscapeRight";
				IPHONEOS_DEPLOYMENT_TARGET = 16.4;
				LD_RUNPATH_SEARCH_PATHS = "@executable_path/Frameworks";
				"LD_RUNPATH_SEARCH_PATHS[sdk=macosx*]" = "@executable_path/../Frameworks";
				MACOSX_DEPLOYMENT_TARGET = 13.3;
				MARKETING_VERSION = 1.0;
				PRODUCT_BUNDLE_IDENTIFIER = tw.RustExamples;
				PRODUCT_NAME = "$(TARGET_NAME)";
				SDKROOT = auto;
				SUPPORTED_PLATFORMS = "iphoneos iphonesimulator macosx";
				SWIFT_EMIT_LOC_STRINGS = YES;
				SWIFT_VERSION = 5.0;
				TARGETED_DEVICE_FAMILY = "1,2";
			};
			name = Debug;
		};
		EDF661102A8BD49800926DAA /* Release */ = {
			isa = XCBuildConfiguration;
			buildSettings = {
				ASSETCATALOG_COMPILER_APPICON_NAME = AppIcon;
				ASSETCATALOG_COMPILER_GLOBAL_ACCENT_COLOR_NAME = AccentColor;
				CODE_SIGN_ENTITLEMENTS = RustExamples/RustExamples.entitlements;
				CODE_SIGN_STYLE = Automatic;
				CURRENT_PROJECT_VERSION = 1;
				DEVELOPMENT_ASSET_PATHS = "\"RustExamples/Preview Content\"";
				DEVELOPMENT_TEAM = 34LBDE8FT4;
				ENABLE_HARDENED_RUNTIME = YES;
				ENABLE_PREVIEWS = YES;
				GENERATE_INFOPLIST_FILE = YES;
				"INFOPLIST_KEY_UIApplicationSceneManifest_Generation[sdk=iphoneos*]" = YES;
				"INFOPLIST_KEY_UIApplicationSceneManifest_Generation[sdk=iphonesimulator*]" = YES;
				"INFOPLIST_KEY_UIApplicationSupportsIndirectInputEvents[sdk=iphoneos*]" = YES;
				"INFOPLIST_KEY_UIApplicationSupportsIndirectInputEvents[sdk=iphonesimulator*]" = YES;
				"INFOPLIST_KEY_UILaunchScreen_Generation[sdk=iphoneos*]" = YES;
				"INFOPLIST_KEY_UILaunchScreen_Generation[sdk=iphonesimulator*]" = YES;
				"INFOPLIST_KEY_UIStatusBarStyle[sdk=iphoneos*]" = UIStatusBarStyleDefault;
				"INFOPLIST_KEY_UIStatusBarStyle[sdk=iphonesimulator*]" = UIStatusBarStyleDefault;
				INFOPLIST_KEY_UISupportedInterfaceOrientations_iPad = "UIInterfaceOrientationPortrait UIInterfaceOrientationPortraitUpsideDown UIInterfaceOrientationLandscapeLeft UIInterfaceOrientationLandscapeRight";
				INFOPLIST_KEY_UISupportedInterfaceOrientations_iPhone = "UIInterfaceOrientationPortrait UIInterfaceOrientationLandscapeLeft UIInterfaceOrientationLandscapeRight";
				IPHONEOS_DEPLOYMENT_TARGET = 16.4;
				LD_RUNPATH_SEARCH_PATHS = "@executable_path/Frameworks";
				"LD_RUNPATH_SEARCH_PATHS[sdk=macosx*]" = "@executable_path/../Frameworks";
				MACOSX_DEPLOYMENT_TARGET = 13.3;
				MARKETING_VERSION = 1.0;
				PRODUCT_BUNDLE_IDENTIFIER = tw.RustExamples;
				PRODUCT_NAME = "$(TARGET_NAME)";
				SDKROOT = auto;
				SUPPORTED_PLATFORMS = "iphoneos iphonesimulator macosx";
				SWIFT_EMIT_LOC_STRINGS = YES;
				SWIFT_VERSION = 5.0;
				TARGETED_DEVICE_FAMILY = "1,2";
			};
			name = Release;
		};
		EDF661122A8BD49800926DAA /* Debug */ = {
			isa = XCBuildConfiguration;
			buildSettings = {
				ALWAYS_EMBED_SWIFT_STANDARD_LIBRARIES = YES;
				BUNDLE_LOADER = "$(TEST_HOST)";
				CODE_SIGN_STYLE = Automatic;
				CURRENT_PROJECT_VERSION = 1;
				DEVELOPMENT_TEAM = 34LBDE8FT4;
				GENERATE_INFOPLIST_FILE = YES;
				IPHONEOS_DEPLOYMENT_TARGET = 16.4;
				MACOSX_DEPLOYMENT_TARGET = 13.3;
				MARKETING_VERSION = 1.0;
				PRODUCT_BUNDLE_IDENTIFIER = tw.RustExamplesTests;
				PRODUCT_NAME = "$(TARGET_NAME)";
				SDKROOT = auto;
				SUPPORTED_PLATFORMS = "iphoneos iphonesimulator macosx";
				SWIFT_EMIT_LOC_STRINGS = NO;
				SWIFT_VERSION = 5.0;
				TARGETED_DEVICE_FAMILY = "1,2";
				TEST_HOST = "$(BUILT_PRODUCTS_DIR)/RustExamples.app/$(BUNDLE_EXECUTABLE_FOLDER_PATH)/RustExamples";
			};
			name = Debug;
		};
		EDF661132A8BD49800926DAA /* Release */ = {
			isa = XCBuildConfiguration;
			buildSettings = {
				ALWAYS_EMBED_SWIFT_STANDARD_LIBRARIES = YES;
				BUNDLE_LOADER = "$(TEST_HOST)";
				CODE_SIGN_STYLE = Automatic;
				CURRENT_PROJECT_VERSION = 1;
				DEVELOPMENT_TEAM = 34LBDE8FT4;
				GENERATE_INFOPLIST_FILE = YES;
				IPHONEOS_DEPLOYMENT_TARGET = 16.4;
				MACOSX_DEPLOYMENT_TARGET = 13.3;
				MARKETING_VERSION = 1.0;
				PRODUCT_BUNDLE_IDENTIFIER = tw.RustExamplesTests;
				PRODUCT_NAME = "$(TARGET_NAME)";
				SDKROOT = auto;
				SUPPORTED_PLATFORMS = "iphoneos iphonesimulator macosx";
				SWIFT_EMIT_LOC_STRINGS = NO;
				SWIFT_VERSION = 5.0;
				TARGETED_DEVICE_FAMILY = "1,2";
				TEST_HOST = "$(BUILT_PRODUCTS_DIR)/RustExamples.app/$(BUNDLE_EXECUTABLE_FOLDER_PATH)/RustExamples";
			};
			name = Release;
		};
		EDF661152A8BD49800926DAA /* Debug */ = {
			isa = XCBuildConfiguration;
			buildSettings = {
				ALWAYS_EMBED_SWIFT_STANDARD_LIBRARIES = YES;
				CODE_SIGN_STYLE = Automatic;
				CURRENT_PROJECT_VERSION = 1;
				DEVELOPMENT_TEAM = 34LBDE8FT4;
				GENERATE_INFOPLIST_FILE = YES;
				IPHONEOS_DEPLOYMENT_TARGET = 16.4;
				MACOSX_DEPLOYMENT_TARGET = 13.3;
				MARKETING_VERSION = 1.0;
				PRODUCT_BUNDLE_IDENTIFIER = tw.RustExamplesUITests;
				PRODUCT_NAME = "$(TARGET_NAME)";
				SDKROOT = auto;
				SUPPORTED_PLATFORMS = "iphoneos iphonesimulator macosx";
				SWIFT_EMIT_LOC_STRINGS = NO;
				SWIFT_VERSION = 5.0;
				TARGETED_DEVICE_FAMILY = "1,2";
				TEST_TARGET_NAME = RustExamples;
			};
			name = Debug;
		};
		EDF661162A8BD49800926DAA /* Release */ = {
			isa = XCBuildConfiguration;
			buildSettings = {
				ALWAYS_EMBED_SWIFT_STANDARD_LIBRARIES = YES;
				CODE_SIGN_STYLE = Automatic;
				CURRENT_PROJECT_VERSION = 1;
				DEVELOPMENT_TEAM = 34LBDE8FT4;
				GENERATE_INFOPLIST_FILE = YES;
				IPHONEOS_DEPLOYMENT_TARGET = 16.4;
				MACOSX_DEPLOYMENT_TARGET = 13.3;
				MARKETING_VERSION = 1.0;
				PRODUCT_BUNDLE_IDENTIFIER = tw.RustExamplesUITests;
				PRODUCT_NAME = "$(TARGET_NAME)";
				SDKROOT = auto;
				SUPPORTED_PLATFORMS = "iphoneos iphonesimulator macosx";
				SWIFT_EMIT_LOC_STRINGS = NO;
				SWIFT_VERSION = 5.0;
				TARGETED_DEVICE_FAMILY = "1,2";
				TEST_TARGET_NAME = RustExamples;
			};
			name = Release;
		};
/* End XCBuildConfiguration section */

/* Begin XCConfigurationList section */
		EDF660E42A8BD49600926DAA /* Build configuration list for PBXProject "RustExamples" */ = {
			isa = XCConfigurationList;
			buildConfigurations = (
				EDF6610C2A8BD49800926DAA /* Debug */,
				EDF6610D2A8BD49800926DAA /* Release */,
			);
			defaultConfigurationIsVisible = 0;
			defaultConfigurationName = Release;
		};
		EDF6610E2A8BD49800926DAA /* Build configuration list for PBXNativeTarget "RustExamples" */ = {
			isa = XCConfigurationList;
			buildConfigurations = (
				EDF6610F2A8BD49800926DAA /* Debug */,
				EDF661102A8BD49800926DAA /* Release */,
			);
			defaultConfigurationIsVisible = 0;
			defaultConfigurationName = Release;
		};
		EDF661112A8BD49800926DAA /* Build configuration list for PBXNativeTarget "RustExamplesTests" */ = {
			isa = XCConfigurationList;
			buildConfigurations = (
				EDF661122A8BD49800926DAA /* Debug */,
				EDF661132A8BD49800926DAA /* Release */,
			);
			defaultConfigurationIsVisible = 0;
			defaultConfigurationName = Release;
		};
		EDF661142A8BD49800926DAA /* Build configuration list for PBXNativeTarget "RustExamplesUITests" */ = {
			isa = XCConfigurationList;
			buildConfigurations = (
				EDF661152A8BD49800926DAA /* Debug */,
				EDF661162A8BD49800926DAA /* Release */,
			);
			defaultConfigurationIsVisible = 0;
			defaultConfigurationName = Release;
		};
/* End XCConfigurationList section */
	};
	rootObject = EDF660E12A8BD49600926DAA /* Project object */;
}
